
Microsoft Visual Studio Solution File, Format Version 12.00
# Visual Studio Version 17
VisualStudioVersion = 17.14.36717.8 d17.14
MinimumVisualStudioVersion = 10.0.40219.1
Project("{FAE04EC0-301F-11D3-BF4B-00C04F79EFBC}") = "LINQ", "LINQ\LINQ.csproj", "{F744F0A7-F26E-4E92-99F8-4C89F92F309A}"
EndProject
Global
	GlobalSection(SolutionConfigurationPlatforms) = preSolution
		Debug|Any CPU = Debug|Any CPU
		Release|Any CPU = Release|Any CPU
	EndGlobalSection
	GlobalSection(ProjectConfigurationPlatforms) = postSolution
		{F744F0A7-F26E-4E92-99F8-4C89F92F309A}.Debug|Any CPU.ActiveCfg = Debug|Any CPU
		{F744F0A7-F26E-4E92-99F8-4C89F92F309A}.Debug|Any CPU.Build.0 = Debug|Any CPU
		{F744F0A7-F26E-4E92-99F8-4C89F92F309A}.Release|Any CPU.ActiveCfg = Release|Any CPU
		{F744F0A7-F26E-4E92-99F8-4C89F92F309A}.Release|Any CPU.Build.0 = Release|Any CPU
	EndGlobalSection
	GlobalSection(SolutionProperties) = preSolution
		HideSolutionNode = FALSE
	EndGlobalSection
	GlobalSection(ExtensibilityGlobals) = postSolution
		SolutionGuid = {1737311A-487D-4A4D-8D0B-06FCF9B47EDB}
	EndGlobalSection
EndGlobal
